
Microsoft Visual Studio Solution File, Format Version 12.00
# Visual Studio Version 17
VisualStudioVersion = 17.7.34009.444
MinimumVisualStudioVersion = 10.0.40219.1
Project("{2150E333-8FDC-42A3-9474-1A3956D46DE8}") = "src", "src", "{4942FD78-2C46-41BF-8418-80EAF82139A6}"
EndProject
Project("{2150E333-8FDC-42A3-9474-1A3956D46DE8}") = "test", "test", "{3B8AF04D-AF07-48EE-9F3E-03D073FC102C}"
EndProject
Project("{2150E333-8FDC-42A3-9474-1A3956D46DE8}") = "1.Core", "1.Core", "{F9563BDA-2724-4B33-B355-2F317E816CFA}"
EndProject
Project("{2150E333-8FDC-42A3-9474-1A3956D46DE8}") = "2.Infrastructure", "2.Infrastructure", "{4B68F3D4-8CC2-4E6B-85D4-B29C4A9B2298}"
EndProject
Project("{2150E333-8FDC-42A3-9474-1A3956D46DE8}") = "Persistence", "Persistence", "{0B63CDD4-CF92-4395-86DD-B9EB90A5346C}"
EndProject
Project("{2150E333-8FDC-42A3-9474-1A3956D46DE8}") = "3.Endpoints", "3.Endpoints", "{C55C11A6-194C-428C-A012-04182A91E08D}"
EndProject
Project("{2150E333-8FDC-42A3-9474-1A3956D46DE8}") = "1.Core", "1.Core", "{F4500AD2-3B8E-4E55-BD1A-9D973ED24EE5}"
EndProject
Project("{2150E333-8FDC-42A3-9474-1A3956D46DE8}") = "2.Infrastructure", "2.Infrastructure", "{1CFF3C51-92D3-432E-A50C-1BDF46B7E66F}"
EndProject
Project("{2150E333-8FDC-42A3-9474-1A3956D46DE8}") = "Persistence", "Persistence", "{B3940D0C-99A4-4C38-B5E5-F52B6D3444AD}"
EndProject
Project("{2150E333-8FDC-42A3-9474-1A3956D46DE8}") = "3.Endpoints", "3.Endpoints", "{B267B988-5677-4FB5-850F-DD2F97506E63}"
EndProject
Project("{2150E333-8FDC-42A3-9474-1A3956D46DE8}") = "MicroDomainFlowFramework", "MicroDomainFlowFramework", "{4ADB8DB7-8EA9-447E-914A-5832016D0535}"
EndProject
Project("{2150E333-8FDC-42A3-9474-1A3956D46DE8}") = "test", "test", "{B970AC3F-845B-4A24-B522-B5394629F59B}"
EndProject
Project("{2150E333-8FDC-42A3-9474-1A3956D46DE8}") = "src", "src", "{686FCBEF-5DD2-4523-812B-FA07E9393B6D}"
EndProject
Project("{9A19103F-16F7-4668-BE54-9A1E7A4F7556}") = "Framework", "MicroDomainFlowFramework\src\Framework\Framework.csproj", "{B571C267-9AB5-49FE-9B2F-B148CC4CA53C}"
EndProject
Project("{9A19103F-16F7-4668-BE54-9A1E7A4F7556}") = "Resources", "MicroDomainFlowFramework\src\Resources\Resources.csproj", "{F914A3ED-F799-4A68-9146-42858BE6F673}"
EndProject
Project("{9A19103F-16F7-4668-BE54-9A1E7A4F7556}") = "Framework.Tests.Unit", "MicroDomainFlowFramework\test\Framework.Tests.Unit\Framework.Tests.Unit.csproj", "{3541B175-D33F-4CF5-BB89-83EDA5FD7F6E}"
EndProject
Project("{2150E333-8FDC-42A3-9474-1A3956D46DE8}") = "Sample", "Sample", "{64835353-3DA4-4658-8DB9-3F34A909132C}"
EndProject
Project("{9A19103F-16F7-4668-BE54-9A1E7A4F7556}") = "ContentService.Core.ApplicationService", "Sample\src\1.Core\ContentService.Core.ApplicationService\ContentService.Core.ApplicationService.csproj", "{F90B4F92-01BC-49EF-BCA5-E8A719C6FF92}"
EndProject
Project("{9A19103F-16F7-4668-BE54-9A1E7A4F7556}") = "ContentService.Core.Contracts", "Sample\src\1.Core\ContentService.Core.Contracts\ContentService.Core.Contracts.csproj", "{9959CC5D-28DB-4BB1-8EF9-A6DD7E0B1D50}"
EndProject
Project("{9A19103F-16F7-4668-BE54-9A1E7A4F7556}") = "ContentService.Core.Domain", "Sample\src\1.Core\ContentService.Core.Domain\ContentService.Core.Domain.csproj", "{F61CE1C7-75FF-4F9B-AE9E-FE278032F2F8}"
EndProject
Project("{9A19103F-16F7-4668-BE54-9A1E7A4F7556}") = "ContentService.Resources", "Sample\src\1.Core\ContentService.Resources\ContentService.Resources.csproj", "{21C589EC-2F92-4501-B1BA-158BF2BEF45E}"
EndProject
Project("{9A19103F-16F7-4668-BE54-9A1E7A4F7556}") = "EventBus.Messages", "Sample\src\1.Core\EventBus.Messages\EventBus.Messages.csproj", "{FEF62AAD-FE6C-48FA-AA36-31578129279B}"
EndProject
Project("{9A19103F-16F7-4668-BE54-9A1E7A4F7556}") = "ContentService.Infrastructure.Persistence.Sql.Commands", "Sample\src\2.Infrastructure\Persistence\ContentService.Infrastructure.Persistence.Sql.Commands\ContentService.Infrastructure.Persistence.Sql.Commands.csproj", "{57A93468-8FBE-40FC-B0AC-486B13F227AF}"
EndProject
Project("{9A19103F-16F7-4668-BE54-9A1E7A4F7556}") = "ContentService.Infrastructure.Persistence.Sql.Queries", "Sample\src\2.Infrastructure\Persistence\ContentService.Infrastructure.Persistence.Sql.Queries\ContentService.Infrastructure.Persistence.Sql.Queries.csproj", "{474223D4-5A4D-4B49-9AC2-C84A20E9F527}"
EndProject
Project("{9A19103F-16F7-4668-BE54-9A1E7A4F7556}") = "ContentService.Endpoints.API", "Sample\src\3.Endpoints\ContentService.Endpoints.API\ContentService.Endpoints.API.csproj", "{E5CFD401-E56D-45ED-BC73-7E125696E76A}"
EndProject
Project("{9A19103F-16F7-4668-BE54-9A1E7A4F7556}") = "ContentService.Core.ApplicationService.Tests.Unit", "Sample\test\1.Core\ContentService.Core.ApplicationService.Tests.Unit\ContentService.Core.ApplicationService.Tests.Unit.csproj", "{0E81530F-FEDD-48CF-A947-8E28C8FF8143}"
EndProject
Project("{9A19103F-16F7-4668-BE54-9A1E7A4F7556}") = "ContentService.Core.Domain.Tests.Unit", "Sample\test\1.Core\ContentService.Core.Domain.Tests.Unit\ContentService.Core.Domain.Tests.Unit.csproj", "{D12D1DA9-ECF3-46A4-A7E8-FF0CB005FFAF}"
EndProject
Project("{9A19103F-16F7-4668-BE54-9A1E7A4F7556}") = "ContentService.Endpoints.API.Tests.Unit", "Sample\test\3.Endpints\ContentService.Endpoints.API.Tests.Unit\ContentService.Endpoints.API.Tests.Unit.csproj", "{E57EC4F1-3E75-4CAE-AA71-08A33C780B9E}"
EndProject
Global
	GlobalSection(SolutionConfigurationPlatforms) = preSolution
		Debug|Any CPU = Debug|Any CPU
		Release|Any CPU = Release|Any CPU
	EndGlobalSection
	GlobalSection(ProjectConfigurationPlatforms) = postSolution
		{B571C267-9AB5-49FE-9B2F-B148CC4CA53C}.Debug|Any CPU.ActiveCfg = Debug|Any CPU
		{B571C267-9AB5-49FE-9B2F-B148CC4CA53C}.Debug|Any CPU.Build.0 = Debug|Any CPU
		{B571C267-9AB5-49FE-9B2F-B148CC4CA53C}.Release|Any CPU.ActiveCfg = Release|Any CPU
		{B571C267-9AB5-49FE-9B2F-B148CC4CA53C}.Release|Any CPU.Build.0 = Release|Any CPU
		{F914A3ED-F799-4A68-9146-42858BE6F673}.Debug|Any CPU.ActiveCfg = Debug|Any CPU
		{F914A3ED-F799-4A68-9146-42858BE6F673}.Debug|Any CPU.Build.0 = Debug|Any CPU
		{F914A3ED-F799-4A68-9146-42858BE6F673}.Release|Any CPU.ActiveCfg = Release|Any CPU
		{F914A3ED-F799-4A68-9146-42858BE6F673}.Release|Any CPU.Build.0 = Release|Any CPU
		{3541B175-D33F-4CF5-BB89-83EDA5FD7F6E}.Debug|Any CPU.ActiveCfg = Debug|Any CPU
		{3541B175-D33F-4CF5-BB89-83EDA5FD7F6E}.Debug|Any CPU.Build.0 = Debug|Any CPU
		{3541B175-D33F-4CF5-BB89-83EDA5FD7F6E}.Release|Any CPU.ActiveCfg = Release|Any CPU
		{3541B175-D33F-4CF5-BB89-83EDA5FD7F6E}.Release|Any CPU.Build.0 = Release|Any CPU
		{F90B4F92-01BC-49EF-BCA5-E8A719C6FF92}.Debug|Any CPU.ActiveCfg = Debug|Any CPU
		{F90B4F92-01BC-49EF-BCA5-E8A719C6FF92}.Debug|Any CPU.Build.0 = Debug|Any CPU
		{F90B4F92-01BC-49EF-BCA5-E8A719C6FF92}.Release|Any CPU.ActiveCfg = Release|Any CPU
		{F90B4F92-01BC-49EF-BCA5-E8A719C6FF92}.Release|Any CPU.Build.0 = Release|Any CPU
		{9959CC5D-28DB-4BB1-8EF9-A6DD7E0B1D50}.Debug|Any CPU.ActiveCfg = Debug|Any CPU
		{9959CC5D-28DB-4BB1-8EF9-A6DD7E0B1D50}.Debug|Any CPU.Build.0 = Debug|Any CPU
		{9959CC5D-28DB-4BB1-8EF9-A6DD7E0B1D50}.Release|Any CPU.ActiveCfg = Release|Any CPU
		{9959CC5D-28DB-4BB1-8EF9-A6DD7E0B1D50}.Release|Any CPU.Build.0 = Release|Any CPU
		{F61CE1C7-75FF-4F9B-AE9E-FE278032F2F8}.Debug|Any CPU.ActiveCfg = Debug|Any CPU
		{F61CE1C7-75FF-4F9B-AE9E-FE278032F2F8}.Debug|Any CPU.Build.0 = Debug|Any CPU
		{F61CE1C7-75FF-4F9B-AE9E-FE278032F2F8}.Release|Any CPU.ActiveCfg = Release|Any CPU
		{F61CE1C7-75FF-4F9B-AE9E-FE278032F2F8}.Release|Any CPU.Build.0 = Release|Any CPU
		{21C589EC-2F92-4501-B1BA-158BF2BEF45E}.Debug|Any CPU.ActiveCfg = Debug|Any CPU
		{21C589EC-2F92-4501-B1BA-158BF2BEF45E}.Debug|Any CPU.Build.0 = Debug|Any CPU
		{21C589EC-2F92-4501-B1BA-158BF2BEF45E}.Release|Any CPU.ActiveCfg = Release|Any CPU
		{21C589EC-2F92-4501-B1BA-158BF2BEF45E}.Release|Any CPU.Build.0 = Release|Any CPU
		{FEF62AAD-FE6C-48FA-AA36-31578129279B}.Debug|Any CPU.ActiveCfg = Debug|Any CPU
		{FEF62AAD-FE6C-48FA-AA36-31578129279B}.Debug|Any CPU.Build.0 = Debug|Any CPU
		{FEF62AAD-FE6C-48FA-AA36-31578129279B}.Release|Any CPU.ActiveCfg = Release|Any CPU
		{FEF62AAD-FE6C-48FA-AA36-31578129279B}.Release|Any CPU.Build.0 = Release|Any CPU
		{57A93468-8FBE-40FC-B0AC-486B13F227AF}.Debug|Any CPU.ActiveCfg = Debug|Any CPU
		{57A93468-8FBE-40FC-B0AC-486B13F227AF}.Debug|Any CPU.Build.0 = Debug|Any CPU
		{57A93468-8FBE-40FC-B0AC-486B13F227AF}.Release|Any CPU.ActiveCfg = Release|Any CPU
		{57A93468-8FBE-40FC-B0AC-486B13F227AF}.Release|Any CPU.Build.0 = Release|Any CPU
		{474223D4-5A4D-4B49-9AC2-C84A20E9F527}.Debug|Any CPU.ActiveCfg = Debug|Any CPU
		{474223D4-5A4D-4B49-9AC2-C84A20E9F527}.Debug|Any CPU.Build.0 = Debug|Any CPU
		{474223D4-5A4D-4B49-9AC2-C84A20E9F527}.Release|Any CPU.ActiveCfg = Release|Any CPU
		{474223D4-5A4D-4B49-9AC2-C84A20E9F527}.Release|Any CPU.Build.0 = Release|Any CPU
		{E5CFD401-E56D-45ED-BC73-7E125696E76A}.Debug|Any CPU.ActiveCfg = Debug|Any CPU
		{E5CFD401-E56D-45ED-BC73-7E125696E76A}.Debug|Any CPU.Build.0 = Debug|Any CPU
		{E5CFD401-E56D-45ED-BC73-7E125696E76A}.Release|Any CPU.ActiveCfg = Release|Any CPU
		{E5CFD401-E56D-45ED-BC73-7E125696E76A}.Release|Any CPU.Build.0 = Release|Any CPU
		{0E81530F-FEDD-48CF-A947-8E28C8FF8143}.Debug|Any CPU.ActiveCfg = Debug|Any CPU
		{0E81530F-FEDD-48CF-A947-8E28C8FF8143}.Debug|Any CPU.Build.0 = Debug|Any CPU
		{0E81530F-FEDD-48CF-A947-8E28C8FF8143}.Release|Any CPU.ActiveCfg = Release|Any CPU
		{0E81530F-FEDD-48CF-A947-8E28C8FF8143}.Release|Any CPU.Build.0 = Release|Any CPU
		{D12D1DA9-ECF3-46A4-A7E8-FF0CB005FFAF}.Debug|Any CPU.ActiveCfg = Debug|Any CPU
		{D12D1DA9-ECF3-46A4-A7E8-FF0CB005FFAF}.Debug|Any CPU.Build.0 = Debug|Any CPU
		{D12D1DA9-ECF3-46A4-A7E8-FF0CB005FFAF}.Release|Any CPU.ActiveCfg = Release|Any CPU
		{D12D1DA9-ECF3-46A4-A7E8-FF0CB005FFAF}.Release|Any CPU.Build.0 = Release|Any CPU
		{E57EC4F1-3E75-4CAE-AA71-08A33C780B9E}.Debug|Any CPU.ActiveCfg = Debug|Any CPU
		{E57EC4F1-3E75-4CAE-AA71-08A33C780B9E}.Debug|Any CPU.Build.0 = Debug|Any CPU
		{E57EC4F1-3E75-4CAE-AA71-08A33C780B9E}.Release|Any CPU.ActiveCfg = Release|Any CPU
		{E57EC4F1-3E75-4CAE-AA71-08A33C780B9E}.Release|Any CPU.Build.0 = Release|Any CPU
	EndGlobalSection
	GlobalSection(SolutionProperties) = preSolution
		HideSolutionNode = FALSE
	EndGlobalSection
	GlobalSection(NestedProjects) = preSolution
		{4942FD78-2C46-41BF-8418-80EAF82139A6} = {64835353-3DA4-4658-8DB9-3F34A909132C}
		{3B8AF04D-AF07-48EE-9F3E-03D073FC102C} = {64835353-3DA4-4658-8DB9-3F34A909132C}
		{F9563BDA-2724-4B33-B355-2F317E816CFA} = {4942FD78-2C46-41BF-8418-80EAF82139A6}
		{4B68F3D4-8CC2-4E6B-85D4-B29C4A9B2298} = {4942FD78-2C46-41BF-8418-80EAF82139A6}
		{0B63CDD4-CF92-4395-86DD-B9EB90A5346C} = {4B68F3D4-8CC2-4E6B-85D4-B29C4A9B2298}
		{C55C11A6-194C-428C-A012-04182A91E08D} = {4942FD78-2C46-41BF-8418-80EAF82139A6}
		{F4500AD2-3B8E-4E55-BD1A-9D973ED24EE5} = {3B8AF04D-AF07-48EE-9F3E-03D073FC102C}
		{1CFF3C51-92D3-432E-A50C-1BDF46B7E66F} = {3B8AF04D-AF07-48EE-9F3E-03D073FC102C}
		{B3940D0C-99A4-4C38-B5E5-F52B6D3444AD} = {1CFF3C51-92D3-432E-A50C-1BDF46B7E66F}
		{B267B988-5677-4FB5-850F-DD2F97506E63} = {3B8AF04D-AF07-48EE-9F3E-03D073FC102C}
		{B970AC3F-845B-4A24-B522-B5394629F59B} = {4ADB8DB7-8EA9-447E-914A-5832016D0535}
		{686FCBEF-5DD2-4523-812B-FA07E9393B6D} = {4ADB8DB7-8EA9-447E-914A-5832016D0535}
		{B571C267-9AB5-49FE-9B2F-B148CC4CA53C} = {686FCBEF-5DD2-4523-812B-FA07E9393B6D}
		{F914A3ED-F799-4A68-9146-42858BE6F673} = {686FCBEF-5DD2-4523-812B-FA07E9393B6D}
		{3541B175-D33F-4CF5-BB89-83EDA5FD7F6E} = {B970AC3F-845B-4A24-B522-B5394629F59B}
		{F90B4F92-01BC-49EF-BCA5-E8A719C6FF92} = {F9563BDA-2724-4B33-B355-2F317E816CFA}
		{9959CC5D-28DB-4BB1-8EF9-A6DD7E0B1D50} = {F9563BDA-2724-4B33-B355-2F317E816CFA}
		{F61CE1C7-75FF-4F9B-AE9E-FE278032F2F8} = {F9563BDA-2724-4B33-B355-2F317E816CFA}
		{21C589EC-2F92-4501-B1BA-158BF2BEF45E} = {F9563BDA-2724-4B33-B355-2F317E816CFA}
		{FEF62AAD-FE6C-48FA-AA36-31578129279B} = {F9563BDA-2724-4B33-B355-2F317E816CFA}
		{57A93468-8FBE-40FC-B0AC-486B13F227AF} = {0B63CDD4-CF92-4395-86DD-B9EB90A5346C}
		{474223D4-5A4D-4B49-9AC2-C84A20E9F527} = {0B63CDD4-CF92-4395-86DD-B9EB90A5346C}
		{E5CFD401-E56D-45ED-BC73-7E125696E76A} = {C55C11A6-194C-428C-A012-04182A91E08D}
		{0E81530F-FEDD-48CF-A947-8E28C8FF8143} = {F4500AD2-3B8E-4E55-BD1A-9D973ED24EE5}
		{D12D1DA9-ECF3-46A4-A7E8-FF0CB005FFAF} = {F4500AD2-3B8E-4E55-BD1A-9D973ED24EE5}
		{E57EC4F1-3E75-4CAE-AA71-08A33C780B9E} = {B267B988-5677-4FB5-850F-DD2F97506E63}
	EndGlobalSection
	GlobalSection(ExtensibilityGlobals) = postSolution
		SolutionGuid = {81F20458-ABE7-4A2A-8559-4D0ACB80F0AF}
	EndGlobalSection
EndGlobal
